
Microsoft Visual Studio Solution File, Format Version 12.00
# Visual Studio 14
VisualStudioVersion = 14.0.24720.0
MinimumVisualStudioVersion = 10.0.40219.1
Project("{FAE04EC0-301F-11D3-BF4B-00C04F79EFBC}") = "Try", "Try\Try.csproj", "{8DD8440B-38B5-4470-8C08-59D0D0BF9690}"
EndProject
Global
	GlobalSection(SolutionConfigurationPlatforms) = preSolution
		Debug|Any CPU = Debug|Any CPU
		Release|Any CPU = Release|Any CPU
	EndGlobalSection
	GlobalSection(ProjectConfigurationPlatforms) = postSolution
		{8DD8440B-38B5-4470-8C08-59D0D0BF9690}.Debug|Any CPU.ActiveCfg = Debug|Any CPU
		{8DD8440B-38B5-4470-8C08-59D0D0BF9690}.Debug|Any CPU.Build.0 = Debug|Any CPU
		{8DD8440B-38B5-4470-8C08-59D0D0BF9690}.Release|Any CPU.ActiveCfg = Release|Any CPU
		{8DD8440B-38B5-4470-8C08-59D0D0BF9690}.Release|Any CPU.Build.0 = Release|Any CPU
	EndGlobalSection
	GlobalSection(SolutionProperties) = preSolution
		HideSolutionNode = FALSE
	EndGlobalSection
EndGlobal
