
Microsoft Visual Studio Solution File, Format Version 12.00
# Visual Studio 14
VisualStudioVersion = 14.0.24720.0
MinimumVisualStudioVersion = 10.0.40219.1
Project("{FAE04EC0-301F-11D3-BF4B-00C04F79EFBC}") = "Operators Overloading", "Operators Overloading\Operators Overloading.csproj", "{F896D821-5CBE-461F-A062-53ECB424CF3D}"
EndProject
Project("{FAE04EC0-301F-11D3-BF4B-00C04F79EFBC}") = "CurrencyTest", "CurrencyTest\CurrencyTest.csproj", "{069C150F-3267-4B9A-B549-45951ACCFEA3}"
EndProject
Project("{FAE04EC0-301F-11D3-BF4B-00C04F79EFBC}") = "ComplexTest", "ComplexTest\ComplexTest.csproj", "{A16A6993-CE99-49F3-A352-C3189AC9DBD9}"
EndProject
Global
	GlobalSection(SolutionConfigurationPlatforms) = preSolution
		Debug|Any CPU = Debug|Any CPU
		Release|Any CPU = Release|Any CPU
	EndGlobalSection
	GlobalSection(ProjectConfigurationPlatforms) = postSolution
		{F896D821-5CBE-461F-A062-53ECB424CF3D}.Debug|Any CPU.ActiveCfg = Debug|Any CPU
		{F896D821-5CBE-461F-A062-53ECB424CF3D}.Debug|Any CPU.Build.0 = Debug|Any CPU
		{F896D821-5CBE-461F-A062-53ECB424CF3D}.Release|Any CPU.ActiveCfg = Release|Any CPU
		{F896D821-5CBE-461F-A062-53ECB424CF3D}.Release|Any CPU.Build.0 = Release|Any CPU
		{069C150F-3267-4B9A-B549-45951ACCFEA3}.Debug|Any CPU.ActiveCfg = Debug|Any CPU
		{069C150F-3267-4B9A-B549-45951ACCFEA3}.Debug|Any CPU.Build.0 = Debug|Any CPU
		{069C150F-3267-4B9A-B549-45951ACCFEA3}.Release|Any CPU.ActiveCfg = Release|Any CPU
		{069C150F-3267-4B9A-B549-45951ACCFEA3}.Release|Any CPU.Build.0 = Release|Any CPU
		{A16A6993-CE99-49F3-A352-C3189AC9DBD9}.Debug|Any CPU.ActiveCfg = Debug|Any CPU
		{A16A6993-CE99-49F3-A352-C3189AC9DBD9}.Debug|Any CPU.Build.0 = Debug|Any CPU
		{A16A6993-CE99-49F3-A352-C3189AC9DBD9}.Release|Any CPU.ActiveCfg = Release|Any CPU
		{A16A6993-CE99-49F3-A352-C3189AC9DBD9}.Release|Any CPU.Build.0 = Release|Any CPU
	EndGlobalSection
	GlobalSection(SolutionProperties) = preSolution
		HideSolutionNode = FALSE
	EndGlobalSection
EndGlobal
