
Microsoft Visual Studio Solution File, Format Version 12.00
# Visual Studio 14
VisualStudioVersion = 14.0.24720.0
MinimumVisualStudioVersion = 10.0.40219.1
Project("{FAE04EC0-301F-11D3-BF4B-00C04F79EFBC}") = "FirstAssignment_Part1", "FirstAssignment_Part1\FirstAssignment_Part1.csproj", "{827DEED4-83BA-4AE8-801F-B4779D14B0AC}"
EndProject
Project("{FAE04EC0-301F-11D3-BF4B-00C04F79EFBC}") = "FirstAssignment_Part2", "FirstAssignment_Part2\FirstAssignment_Part2.csproj", "{F10B4303-F3D6-4EAC-A036-B29774508527}"
EndProject
Global
	GlobalSection(SolutionConfigurationPlatforms) = preSolution
		Debug|Any CPU = Debug|Any CPU
		Release|Any CPU = Release|Any CPU
	EndGlobalSection
	GlobalSection(ProjectConfigurationPlatforms) = postSolution
		{827DEED4-83BA-4AE8-801F-B4779D14B0AC}.Debug|Any CPU.ActiveCfg = Debug|Any CPU
		{827DEED4-83BA-4AE8-801F-B4779D14B0AC}.Debug|Any CPU.Build.0 = Debug|Any CPU
		{827DEED4-83BA-4AE8-801F-B4779D14B0AC}.Release|Any CPU.ActiveCfg = Release|Any CPU
		{827DEED4-83BA-4AE8-801F-B4779D14B0AC}.Release|Any CPU.Build.0 = Release|Any CPU
		{F10B4303-F3D6-4EAC-A036-B29774508527}.Debug|Any CPU.ActiveCfg = Debug|Any CPU
		{F10B4303-F3D6-4EAC-A036-B29774508527}.Debug|Any CPU.Build.0 = Debug|Any CPU
		{F10B4303-F3D6-4EAC-A036-B29774508527}.Release|Any CPU.ActiveCfg = Release|Any CPU
		{F10B4303-F3D6-4EAC-A036-B29774508527}.Release|Any CPU.Build.0 = Release|Any CPU
	EndGlobalSection
	GlobalSection(SolutionProperties) = preSolution
		HideSolutionNode = FALSE
	EndGlobalSection
EndGlobal
